
Microsoft Visual Studio Solution File, Format Version 12.00
# Visual Studio Version 17
VisualStudioVersion = 17.1.32421.90
MinimumVisualStudioVersion = 10.0.40219.1
Project("{9A19103F-16F7-4668-BE54-9A1E7A4F7556}") = "DBD-synopsis-ORM Framworks", "DBD-synopsis-ORM Framworks\DBD-synopsis-ORM Framworks.csproj", "{DD789469-CA7E-4570-9708-C9F2E7486D10}"
EndProject
Project("{FAE04EC0-301F-11D3-BF4B-00C04F79EFBC}") = "NHibernate", "NHibernate\NHibernate.csproj", "{1E8BD9CC-D126-4312-9326-1D697D8D2895}"
EndProject
Project("{FAE04EC0-301F-11D3-BF4B-00C04F79EFBC}") = "Entity-Framework", "Entity-Framework\Entity-Framework.csproj", "{B877DAF6-4094-43D2-BB82-8042217C8B1E}"
EndProject
Global
	GlobalSection(SolutionConfigurationPlatforms) = preSolution
		Debug|Any CPU = Debug|Any CPU
		Release|Any CPU = Release|Any CPU
	EndGlobalSection
	GlobalSection(ProjectConfigurationPlatforms) = postSolution
		{DD789469-CA7E-4570-9708-C9F2E7486D10}.Debug|Any CPU.ActiveCfg = Debug|Any CPU
		{DD789469-CA7E-4570-9708-C9F2E7486D10}.Debug|Any CPU.Build.0 = Debug|Any CPU
		{DD789469-CA7E-4570-9708-C9F2E7486D10}.Release|Any CPU.ActiveCfg = Release|Any CPU
		{DD789469-CA7E-4570-9708-C9F2E7486D10}.Release|Any CPU.Build.0 = Release|Any CPU
		{1E8BD9CC-D126-4312-9326-1D697D8D2895}.Debug|Any CPU.ActiveCfg = Debug|Any CPU
		{1E8BD9CC-D126-4312-9326-1D697D8D2895}.Debug|Any CPU.Build.0 = Debug|Any CPU
		{1E8BD9CC-D126-4312-9326-1D697D8D2895}.Release|Any CPU.ActiveCfg = Release|Any CPU
		{1E8BD9CC-D126-4312-9326-1D697D8D2895}.Release|Any CPU.Build.0 = Release|Any CPU
		{B877DAF6-4094-43D2-BB82-8042217C8B1E}.Debug|Any CPU.ActiveCfg = Debug|Any CPU
		{B877DAF6-4094-43D2-BB82-8042217C8B1E}.Debug|Any CPU.Build.0 = Debug|Any CPU
		{B877DAF6-4094-43D2-BB82-8042217C8B1E}.Release|Any CPU.ActiveCfg = Release|Any CPU
		{B877DAF6-4094-43D2-BB82-8042217C8B1E}.Release|Any CPU.Build.0 = Release|Any CPU
	EndGlobalSection
	GlobalSection(SolutionProperties) = preSolution
		HideSolutionNode = FALSE
	EndGlobalSection
	GlobalSection(ExtensibilityGlobals) = postSolution
		SolutionGuid = {D2D4C243-02EB-4190-8C45-0DFE112F0D54}
	EndGlobalSection
EndGlobal
